
Microsoft Visual Studio Solution File, Format Version 12.00
# Visual Studio Version 17
VisualStudioVersion = 17.1.32407.343
MinimumVisualStudioVersion = 10.0.40219.1
Project("{FAE04EC0-301F-11D3-BF4B-00C04F79EFBC}") = "WpfApp1", "WpfApp1\WpfApp1.csproj", "{19558E1D-066D-4191-B958-383618B04964}"
EndProject
Global
	GlobalSection(SolutionConfigurationPlatforms) = preSolution
		Debug|Any CPU = Debug|Any CPU
		Release|Any CPU = Release|Any CPU
	EndGlobalSection
	GlobalSection(ProjectConfigurationPlatforms) = postSolution
		{19558E1D-066D-4191-B958-383618B04964}.Debug|Any CPU.ActiveCfg = Debug|Any CPU
		{19558E1D-066D-4191-B958-383618B04964}.Debug|Any CPU.Build.0 = Debug|Any CPU
		{19558E1D-066D-4191-B958-383618B04964}.Release|Any CPU.ActiveCfg = Release|Any CPU
		{19558E1D-066D-4191-B958-383618B04964}.Release|Any CPU.Build.0 = Release|Any CPU
	EndGlobalSection
	GlobalSection(SolutionProperties) = preSolution
		HideSolutionNode = FALSE
	EndGlobalSection
	GlobalSection(ExtensibilityGlobals) = postSolution
		SolutionGuid = {7AD0FF0B-32B7-48BA-9049-4424163337CC}
	EndGlobalSection
EndGlobal
